
Microsoft Visual Studio Solution File, Format Version 12.00
# Visual Studio Version 16
VisualStudioVersion = 16.0.30804.86
MinimumVisualStudioVersion = 10.0.40219.1
Project("{FAE04EC0-301F-11D3-BF4B-00C04F79EFBC}") = "D3VectorView", "D3VectorView\D3VectorView.csproj", "{2176A9D1-6316-4764-9E87-C71A82D12889}"
EndProject
Global
	GlobalSection(SolutionConfigurationPlatforms) = preSolution
		Debug|Any CPU = Debug|Any CPU
		Release|Any CPU = Release|Any CPU
	EndGlobalSection
	GlobalSection(ProjectConfigurationPlatforms) = postSolution
		{2176A9D1-6316-4764-9E87-C71A82D12889}.Debug|Any CPU.ActiveCfg = Debug|Any CPU
		{2176A9D1-6316-4764-9E87-C71A82D12889}.Debug|Any CPU.Build.0 = Debug|Any CPU
		{2176A9D1-6316-4764-9E87-C71A82D12889}.Release|Any CPU.ActiveCfg = Release|Any CPU
		{2176A9D1-6316-4764-9E87-C71A82D12889}.Release|Any CPU.Build.0 = Release|Any CPU
	EndGlobalSection
	GlobalSection(SolutionProperties) = preSolution
		HideSolutionNode = FALSE
	EndGlobalSection
	GlobalSection(ExtensibilityGlobals) = postSolution
		SolutionGuid = {19F4DF98-EC02-44A6-8F64-7A2744C720DC}
	EndGlobalSection
EndGlobal
